{
  "name": "herokupad",
  "version": "0.0.1",
  "lockfileVersion": 1,
  "requires": true,
  "dependencies": {
    "ep_author_hover": {
      "version": "0.0.17",
      "resolved": "https://registry.npmjs.org/ep_author_hover/-/ep_author_hover-0.0.17.tgz",
      "integrity": "sha1-+komy81DMTrkrckcsUOimRu7hxs="
    },
    "ep_scrollto": {
      "version": "0.0.6",
      "resolved": "https://registry.npmjs.org/ep_scrollto/-/ep_scrollto-0.0.6.tgz",
      "integrity": "sha1-a1fiJDy4R34UN8NIqUy2vMFi+R0="
    },
    "semver": {
      "version": "5.4.1",
      "resolved": "https://registry.npmjs.org/semver/-/semver-5.4.1.tgz",
      "integrity": "sha512-WfG/X9+oATh81XtllIo/I8gOiY9EXRdv1cQdyykeXK17YcUW3EXUAi2To4pcH6nZtJPr7ZOpM5OMyWJZm+8Rsg=="
    }
  }
}
